
Microsoft Visual Studio Solution File, Format Version 12.00
# Visual Studio Version 17
VisualStudioVersion = 17.2.32602.215
MinimumVisualStudioVersion = 10.0.40219.1
Project("{FAE04EC0-301F-11D3-BF4B-00C04F79EFBC}") = "ang.api", "ang.api\ang.api.csproj", "{5842F814-E5FA-4FB5-B887-3CD05B4BCD40}"
EndProject
Global
	GlobalSection(SolutionConfigurationPlatforms) = preSolution
		Debug|Any CPU = Debug|Any CPU
		Release|Any CPU = Release|Any CPU
	EndGlobalSection
	GlobalSection(ProjectConfigurationPlatforms) = postSolution
		{5842F814-E5FA-4FB5-B887-3CD05B4BCD40}.Debug|Any CPU.ActiveCfg = Debug|Any CPU
		{5842F814-E5FA-4FB5-B887-3CD05B4BCD40}.Debug|Any CPU.Build.0 = Debug|Any CPU
		{5842F814-E5FA-4FB5-B887-3CD05B4BCD40}.Release|Any CPU.ActiveCfg = Release|Any CPU
		{5842F814-E5FA-4FB5-B887-3CD05B4BCD40}.Release|Any CPU.Build.0 = Release|Any CPU
	EndGlobalSection
	GlobalSection(SolutionProperties) = preSolution
		HideSolutionNode = FALSE
	EndGlobalSection
	GlobalSection(ExtensibilityGlobals) = postSolution
		SolutionGuid = {6FC69060-C698-4D11-9EBB-5861C7BD6D32}
	EndGlobalSection
EndGlobal
